
Microsoft Visual Studio Solution File, Format Version 12.00
# Visual Studio Version 16
VisualStudioVersion = 16.0.30523.141
MinimumVisualStudioVersion = 10.0.40219.1
Project("{FAE04EC0-301F-11D3-BF4B-00C04F79EFBC}") = "Gorgan_Sorana_Proiect", "Gorgan_Sorana_Proiect.csproj", "{339865BD-7EEB-4939-A72B-ADC87BBCC156}"
EndProject
Global
	GlobalSection(SolutionConfigurationPlatforms) = preSolution
		Debug|Any CPU = Debug|Any CPU
		Release|Any CPU = Release|Any CPU
	EndGlobalSection
	GlobalSection(ProjectConfigurationPlatforms) = postSolution
		{339865BD-7EEB-4939-A72B-ADC87BBCC156}.Debug|Any CPU.ActiveCfg = Debug|Any CPU
		{339865BD-7EEB-4939-A72B-ADC87BBCC156}.Debug|Any CPU.Build.0 = Debug|Any CPU
		{339865BD-7EEB-4939-A72B-ADC87BBCC156}.Release|Any CPU.ActiveCfg = Release|Any CPU
		{339865BD-7EEB-4939-A72B-ADC87BBCC156}.Release|Any CPU.Build.0 = Release|Any CPU
	EndGlobalSection
	GlobalSection(SolutionProperties) = preSolution
		HideSolutionNode = FALSE
	EndGlobalSection
	GlobalSection(ExtensibilityGlobals) = postSolution
		SolutionGuid = {E5FFC95E-F26F-4ACA-87B8-D2957826F20C}
	EndGlobalSection
EndGlobal
